
Microsoft Visual Studio Solution File, Format Version 12.00
# Visual Studio Version 17
VisualStudioVersion = 17.5.33414.496
MinimumVisualStudioVersion = 10.0.40219.1
Project("{FAE04EC0-301F-11D3-BF4B-00C04F79EFBC}") = "WorkDigitalAufgabe", "WorkDigitalAufgabe\WorkDigitalAufgabe.csproj", "{404B0975-7FDE-42B2-BEF0-6F2C7A0EB048}"
EndProject
Global
	GlobalSection(SolutionConfigurationPlatforms) = preSolution
		Debug|Any CPU = Debug|Any CPU
		Release|Any CPU = Release|Any CPU
	EndGlobalSection
	GlobalSection(ProjectConfigurationPlatforms) = postSolution
		{404B0975-7FDE-42B2-BEF0-6F2C7A0EB048}.Debug|Any CPU.ActiveCfg = Debug|Any CPU
		{404B0975-7FDE-42B2-BEF0-6F2C7A0EB048}.Debug|Any CPU.Build.0 = Debug|Any CPU
		{404B0975-7FDE-42B2-BEF0-6F2C7A0EB048}.Release|Any CPU.ActiveCfg = Release|Any CPU
		{404B0975-7FDE-42B2-BEF0-6F2C7A0EB048}.Release|Any CPU.Build.0 = Release|Any CPU
	EndGlobalSection
	GlobalSection(SolutionProperties) = preSolution
		HideSolutionNode = FALSE
	EndGlobalSection
	GlobalSection(ExtensibilityGlobals) = postSolution
		SolutionGuid = {17B609B9-B795-46C4-BF0D-C6173A7D1223}
	EndGlobalSection
EndGlobal
